
Microsoft Visual Studio Solution File, Format Version 12.00
Project("{FAE04EC0-301F-11D3-BF4B-00C04F79EFBC}") = "Kolokwium_2_APBD", "Kolokwium_2_APBD\Kolokwium_2_APBD.csproj", "{41474AB8-A1CF-49EF-A4FF-EBB35C6F34A8}"
EndProject
Global
	GlobalSection(SolutionConfigurationPlatforms) = preSolution
		Debug|Any CPU = Debug|Any CPU
		Release|Any CPU = Release|Any CPU
	EndGlobalSection
	GlobalSection(ProjectConfigurationPlatforms) = postSolution
		{41474AB8-A1CF-49EF-A4FF-EBB35C6F34A8}.Debug|Any CPU.ActiveCfg = Debug|Any CPU
		{41474AB8-A1CF-49EF-A4FF-EBB35C6F34A8}.Debug|Any CPU.Build.0 = Debug|Any CPU
		{41474AB8-A1CF-49EF-A4FF-EBB35C6F34A8}.Release|Any CPU.ActiveCfg = Release|Any CPU
		{41474AB8-A1CF-49EF-A4FF-EBB35C6F34A8}.Release|Any CPU.Build.0 = Release|Any CPU
	EndGlobalSection
EndGlobal
